{
  "object": {
    "pins": [
      {
        "package": "AEPCore",
        "repositoryURL": "https://github.com/adobe/aepsdk-core-ios",
        "state": {
          "branch": null,
          "revision": "093c929fbd844284c100d2dff20f3385334af212",
          "version": "3.4.2"
        }
      },
      {
        "package": "AEPRulesEngine",
        "repositoryURL": "https://github.com/adobe/aepsdk-rulesengine-ios.git",
        "state": {
          "branch": null,
          "revision": "8795703e92570d9744d7f39d59e2c6f44ecb3078",
          "version": "1.1.0"
        }
      }
    ]
  },
  "version": 1
}
